
Microsoft Visual Studio Solution File, Format Version 11.00
# Visual C# Express 2010
Project("{FAE04EC0-301F-11D3-BF4B-00C04F79EFBC}") = "Remote Server", "Remote\Remote Server.csproj", "{1E5753E7-A9C1-47CA-BA59-6B05A38411EF}"
EndProject
Project("{FAE04EC0-301F-11D3-BF4B-00C04F79EFBC}") = "Remote Client", "Remote Client\Remote Client.csproj", "{4D5FFCB9-1E5A-4D01-A41E-9606EAE0C2A1}"
EndProject
Global
	GlobalSection(SolutionConfigurationPlatforms) = preSolution
		Debug|x86 = Debug|x86
		Release|x86 = Release|x86
	EndGlobalSection
	GlobalSection(ProjectConfigurationPlatforms) = postSolution
		{1E5753E7-A9C1-47CA-BA59-6B05A38411EF}.Debug|x86.ActiveCfg = Debug|x86
		{1E5753E7-A9C1-47CA-BA59-6B05A38411EF}.Debug|x86.Build.0 = Debug|x86
		{1E5753E7-A9C1-47CA-BA59-6B05A38411EF}.Release|x86.ActiveCfg = Release|x86
		{1E5753E7-A9C1-47CA-BA59-6B05A38411EF}.Release|x86.Build.0 = Release|x86
		{4D5FFCB9-1E5A-4D01-A41E-9606EAE0C2A1}.Debug|x86.ActiveCfg = Debug|x86
		{4D5FFCB9-1E5A-4D01-A41E-9606EAE0C2A1}.Debug|x86.Build.0 = Debug|x86
		{4D5FFCB9-1E5A-4D01-A41E-9606EAE0C2A1}.Release|x86.ActiveCfg = Release|x86
		{4D5FFCB9-1E5A-4D01-A41E-9606EAE0C2A1}.Release|x86.Build.0 = Release|x86
	EndGlobalSection
	GlobalSection(SolutionProperties) = preSolution
		HideSolutionNode = FALSE
	EndGlobalSection
EndGlobal
